
Microsoft Visual Studio Solution File, Format Version 12.00
# Visual Studio 14
VisualStudioVersion = 14.0.22310.1
MinimumVisualStudioVersion = 10.0.40219.1
Project("{FAE04EC0-301F-11D3-BF4B-00C04F79EFBC}") = "ClickOnceToSquirrelMigrator", "ClickOnceToSquirrelMigrator\ClickOnceToSquirrelMigrator.csproj", "{7A448297-8D3B-4DFE-BEEC-CB0581AAD18C}"
EndProject
Project("{FAE04EC0-301F-11D3-BF4B-00C04F79EFBC}") = "ClickOnceApp", "ClickOnceApp\ClickOnceApp.csproj", "{F18EB071-EFAD-4027-BA72-90C66689C130}"
EndProject
Project("{FAE04EC0-301F-11D3-BF4B-00C04F79EFBC}") = "SquirrelApp", "SquirrelApp\SquirrelApp.csproj", "{5CBFE5A4-B6EA-44D9-B3BA-BE95ED984A9D}"
EndProject
Project("{FAE04EC0-301F-11D3-BF4B-00C04F79EFBC}") = "ClickOnceToSquirrelMigrator.Tests", "ClickOnceToSquirrelMigrator.Tests\ClickOnceToSquirrelMigrator.Tests.csproj", "{8F2E46E5-662B-416B-AB44-4FED783E10CB}"
EndProject
Global
	GlobalSection(SolutionConfigurationPlatforms) = preSolution
		Debug|Any CPU = Debug|Any CPU
		Release|Any CPU = Release|Any CPU
	EndGlobalSection
	GlobalSection(ProjectConfigurationPlatforms) = postSolution
		{7A448297-8D3B-4DFE-BEEC-CB0581AAD18C}.Debug|Any CPU.ActiveCfg = Debug|Any CPU
		{7A448297-8D3B-4DFE-BEEC-CB0581AAD18C}.Debug|Any CPU.Build.0 = Debug|Any CPU
		{7A448297-8D3B-4DFE-BEEC-CB0581AAD18C}.Release|Any CPU.ActiveCfg = Release|Any CPU
		{7A448297-8D3B-4DFE-BEEC-CB0581AAD18C}.Release|Any CPU.Build.0 = Release|Any CPU
		{F18EB071-EFAD-4027-BA72-90C66689C130}.Debug|Any CPU.ActiveCfg = Debug|Any CPU
		{F18EB071-EFAD-4027-BA72-90C66689C130}.Debug|Any CPU.Build.0 = Debug|Any CPU
		{F18EB071-EFAD-4027-BA72-90C66689C130}.Release|Any CPU.ActiveCfg = Release|Any CPU
		{F18EB071-EFAD-4027-BA72-90C66689C130}.Release|Any CPU.Build.0 = Release|Any CPU
		{5CBFE5A4-B6EA-44D9-B3BA-BE95ED984A9D}.Debug|Any CPU.ActiveCfg = Debug|Any CPU
		{5CBFE5A4-B6EA-44D9-B3BA-BE95ED984A9D}.Debug|Any CPU.Build.0 = Debug|Any CPU
		{5CBFE5A4-B6EA-44D9-B3BA-BE95ED984A9D}.Release|Any CPU.ActiveCfg = Release|Any CPU
		{5CBFE5A4-B6EA-44D9-B3BA-BE95ED984A9D}.Release|Any CPU.Build.0 = Release|Any CPU
		{8F2E46E5-662B-416B-AB44-4FED783E10CB}.Debug|Any CPU.ActiveCfg = Debug|Any CPU
		{8F2E46E5-662B-416B-AB44-4FED783E10CB}.Debug|Any CPU.Build.0 = Debug|Any CPU
		{8F2E46E5-662B-416B-AB44-4FED783E10CB}.Release|Any CPU.ActiveCfg = Release|Any CPU
		{8F2E46E5-662B-416B-AB44-4FED783E10CB}.Release|Any CPU.Build.0 = Release|Any CPU
	EndGlobalSection
	GlobalSection(SolutionProperties) = preSolution
		HideSolutionNode = FALSE
	EndGlobalSection
EndGlobal
